
Microsoft Visual Studio Solution File, Format Version 12.00
# Visual Studio Version 16
VisualStudioVersion = 16.0.31313.79
MinimumVisualStudioVersion = 10.0.40219.1
Project("{FAE04EC0-301F-11D3-BF4B-00C04F79EFBC}") = "BD1_TP", "BD1_TP\BD1_TP.csproj", "{FB125AD6-F224-4B56-981F-13C4BB485A2C}"
EndProject
Global
	GlobalSection(SolutionConfigurationPlatforms) = preSolution
		Debug|Any CPU = Debug|Any CPU
		Release|Any CPU = Release|Any CPU
	EndGlobalSection
	GlobalSection(ProjectConfigurationPlatforms) = postSolution
		{FB125AD6-F224-4B56-981F-13C4BB485A2C}.Debug|Any CPU.ActiveCfg = Debug|Any CPU
		{FB125AD6-F224-4B56-981F-13C4BB485A2C}.Debug|Any CPU.Build.0 = Debug|Any CPU
		{FB125AD6-F224-4B56-981F-13C4BB485A2C}.Release|Any CPU.ActiveCfg = Release|Any CPU
		{FB125AD6-F224-4B56-981F-13C4BB485A2C}.Release|Any CPU.Build.0 = Release|Any CPU
	EndGlobalSection
	GlobalSection(SolutionProperties) = preSolution
		HideSolutionNode = FALSE
	EndGlobalSection
	GlobalSection(ExtensibilityGlobals) = postSolution
		SolutionGuid = {CE331694-6C02-4EC2-8CF4-632CF1A40465}
	EndGlobalSection
EndGlobal
